
Microsoft Visual Studio Solution File, Format Version 12.00
# Visual Studio Version 17
VisualStudioVersion = 17.11.35222.181
MinimumVisualStudioVersion = 10.0.40219.1
Project("{FAE04EC0-301F-11D3-BF4B-00C04F79EFBC}") = "Anime_labb2", "Anime_labb2\Anime_labb2.csproj", "{DBE756D5-4F0E-4BA2-83D1-AD58D9212EB9}"
EndProject
Global
	GlobalSection(SolutionConfigurationPlatforms) = preSolution
		Debug|Any CPU = Debug|Any CPU
		Release|Any CPU = Release|Any CPU
	EndGlobalSection
	GlobalSection(ProjectConfigurationPlatforms) = postSolution
		{DBE756D5-4F0E-4BA2-83D1-AD58D9212EB9}.Debug|Any CPU.ActiveCfg = Debug|Any CPU
		{DBE756D5-4F0E-4BA2-83D1-AD58D9212EB9}.Debug|Any CPU.Build.0 = Debug|Any CPU
		{DBE756D5-4F0E-4BA2-83D1-AD58D9212EB9}.Release|Any CPU.ActiveCfg = Release|Any CPU
		{DBE756D5-4F0E-4BA2-83D1-AD58D9212EB9}.Release|Any CPU.Build.0 = Release|Any CPU
	EndGlobalSection
	GlobalSection(SolutionProperties) = preSolution
		HideSolutionNode = FALSE
	EndGlobalSection
	GlobalSection(ExtensibilityGlobals) = postSolution
		SolutionGuid = {C78AE2B8-C99C-44E0-B250-877A4F9F3CA3}
	EndGlobalSection
EndGlobal
